{
  "nodes": {
    "apple-fonts": {
      "inputs": {
        "nixpkgs": [
          "nixpkgs"
        ],
        "ny": "ny",
        "sf-arabic": "sf-arabic",
        "sf-armenian": "sf-armenian",
        "sf-compact": "sf-compact",
        "sf-georgian": "sf-georgian",
        "sf-hebrew": "sf-hebrew",
        "sf-mono": "sf-mono",
        "sf-pro": "sf-pro"
      },
      "locked": {
        "lastModified": 1775780043,
        "narHash": "sha256-gjSmzLF1WaxZ1128suHgT5lp6qbjv+qy4NIuE8dEUXM=",
        "owner": "Lyndeno",
        "repo": "apple-fonts.nix",
        "rev": "ecb843051893bdf34fd4f9c0ec664e356e2251a6",
        "type": "github"
      },
      "original": {
        "owner": "Lyndeno",
        "repo": "apple-fonts.nix",
        "type": "github"
      }
    },
    "cachyos-kernel": {
      "flake": false,
      "locked": {
        "lastModified": 1776183001,
        "narHash": "sha256-lvLKB5dTqjO1S/YonS9ZyWemEjO6QXtN4D76rYEYy4s=",
        "owner": "CachyOS",
        "repo": "linux-cachyos",
        "rev": "4224303b6d7a50dd1cc3ffa78864050cc9536eec",
        "type": "github"
      },
      "original": {
        "owner": "CachyOS",
        "repo": "linux-cachyos",
        "type": "github"
      }
    },
    "cachyos-kernel-patches": {
      "flake": false,
      "locked": {
        "lastModified": 1776355454,
        "narHash": "sha256-b9Hc0sTxjEzDbphzS9yQqxVha/7bsPIs2cQQQvaG45E=",
        "owner": "CachyOS",
        "repo": "kernel-patches",
        "rev": "b5e029226df5cc30c103651072d49a7af2878202",
        "type": "github"
      },
      "original": {
        "owner": "CachyOS",
        "repo": "kernel-patches",
        "type": "github"
      }
    },
    "copetch": {
      "inputs": {
        "nixpkgs": "nixpkgs"
      },
      "locked": {
        "lastModified": 1775829566,
        "narHash": "sha256-gqCOU0W6/c8Qh/vF7/AnP4SNrzCL9Kj0eW5DO8w8Pog=",
        "owner": "elwrcl",
        "repo": "copetch",
        "rev": "c26d0f31e6d83ad8a4461f3c2e44b9a24d39149e",
        "type": "github"
      },
      "original": {
        "owner": "elwrcl",
        "repo": "copetch",
        "type": "github"
      }
    },
    "flake-compat": {
      "flake": false,
      "locked": {
        "lastModified": 1747046372,
        "narHash": "sha256-CIVLLkVgvHYbgI2UpXvIIBJ12HWgX+fjA8Xf8PUmqCY=",
        "owner": "edolstra",
        "repo": "flake-compat",
        "rev": "9100a0f413b0c601e0533d1d94ffd501ce2e7885",
        "type": "github"
      },
      "original": {
        "owner": "edolstra",
        "repo": "flake-compat",
        "type": "github"
      }
    },
    "flake-compat_2": {
      "flake": false,
      "locked": {
        "lastModified": 1767039857,
        "narHash": "sha256-vNpUSpF5Nuw8xvDLj2KCwwksIbjua2LZCqhV1LNRDns=",
        "owner": "NixOS",
        "repo": "flake-compat",
        "rev": "5edf11c44bc78a0d334f6334cdaf7d60d732daab",
        "type": "github"
      },
      "original": {
        "owner": "NixOS",
        "repo": "flake-compat",
        "type": "github"
      }
    },
    "flake-parts": {
      "inputs": {
        "nixpkgs-lib": "nixpkgs-lib"
      },
      "locked": {
        "lastModified": 1775087534,
        "narHash": "sha256-91qqW8lhL7TLwgQWijoGBbiD4t7/q75KTi8NxjVmSmA=",
        "owner": "hercules-ci",
        "repo": "flake-parts",
        "rev": "3107b77cd68437b9a76194f0f7f9c55f2329ca5b",
        "type": "github"
      },
      "original": {
        "owner": "hercules-ci",
        "repo": "flake-parts",
        "type": "github"
      }
    },
    "flake-utils": {
      "inputs": {
        "systems": "systems"
      },
      "locked": {
        "lastModified": 1731533236,
        "narHash": "sha256-l0KFg5HjrsfsO/JpG+r7fRrqm12kzFHyUHqHCVpMMbI=",
        "owner": "numtide",
        "repo": "flake-utils",
        "rev": "11707dc2f618dd54ca8739b309ec4fc024de578b",
        "type": "github"
      },
      "original": {
        "owner": "numtide",
        "repo": "flake-utils",
        "type": "github"
      }
    },
    "helium": {
      "inputs": {
        "flake-compat": "flake-compat",
        "flake-utils": "flake-utils",
        "nixpkgs": [
          "nixpkgs"
        ]
      },
      "locked": {
        "lastModified": 1776523364,
        "narHash": "sha256-vwV7jGG5ChLcKxpI3BzwXKCg+Ct/3RlwtYsym+gsspU=",
        "owner": "AlvaroParker",
        "repo": "helium-nix",
        "rev": "c57e4796e83118df1c12d2c13c44a36bad89b900",
        "type": "github"
      },
      "original": {
        "owner": "AlvaroParker",
        "repo": "helium-nix",
        "type": "github"
      }
    },
    "home-manager": {
      "inputs": {
        "nixpkgs": [
          "nixpkgs"
        ]
      },
      "locked": {
        "lastModified": 1776562531,
        "narHash": "sha256-Lh5Ns9DI67E+lSMOCGK0S+mFPy0mz0yOGiJTUXiR9JI=",
        "owner": "nix-community",
        "repo": "home-manager",
        "rev": "5b56ad02dc643808b8af6d5f3ff179e2ce9593f4",
        "type": "github"
      },
      "original": {
        "owner": "nix-community",
        "repo": "home-manager",
        "type": "github"
      }
    },
    "home-manager_2": {
      "inputs": {
        "nixpkgs": [
          "zen-browser",
          "nixpkgs"
        ]
      },
      "locked": {
        "lastModified": 1776184304,
        "narHash": "sha256-No6QGBmIv5ChiwKCcbkxjdEQ/RO2ZS1gD7SFy6EZ7rc=",
        "owner": "nix-community",
        "repo": "home-manager",
        "rev": "3c7524c68348ef79ce48308e0978611a050089b2",
        "type": "github"
      },
      "original": {
        "owner": "nix-community",
        "repo": "home-manager",
        "type": "github"
      }
    },
    "nix-cachyos-kernel": {
      "inputs": {
        "cachyos-kernel": "cachyos-kernel",
        "cachyos-kernel-patches": "cachyos-kernel-patches",
        "flake-compat": "flake-compat_2",
        "flake-parts": "flake-parts",
        "nixpkgs": "nixpkgs_2"
      },
      "locked": {
        "lastModified": 1776535646,
        "narHash": "sha256-ynXxDJ66ZgN7NlXuMxH9aIMnmiX4Q4ZhdEDie9Klnfc=",
        "owner": "xddxdd",
        "repo": "nix-cachyos-kernel",
        "rev": "c5b2b559d888644417de5eb3939548854fa4d837",
        "type": "github"
      },
      "original": {
        "owner": "xddxdd",
        "ref": "release",
        "repo": "nix-cachyos-kernel",
        "type": "github"
      }
    },
    "nixpkgs": {
      "locked": {
        "lastModified": 1775710090,
        "narHash": "sha256-ar3rofg+awPB8QXDaFJhJ2jJhu+KqN/PRCXeyuXR76E=",
        "owner": "NixOS",
        "repo": "nixpkgs",
        "rev": "4c1018dae018162ec878d42fec712642d214fdfa",
        "type": "github"
      },
      "original": {
        "owner": "NixOS",
        "ref": "nixos-unstable",
        "repo": "nixpkgs",
        "type": "github"
      }
    },
    "nixpkgs-lib": {
      "locked": {
        "lastModified": 1774748309,
        "narHash": "sha256-+U7gF3qxzwD5TZuANzZPeJTZRHS29OFQgkQ2kiTJBIQ=",
        "owner": "nix-community",
        "repo": "nixpkgs.lib",
        "rev": "333c4e0545a6da976206c74db8773a1645b5870a",
        "type": "github"
      },
      "original": {
        "owner": "nix-community",
        "repo": "nixpkgs.lib",
        "type": "github"
      }
    },
    "nixpkgs_2": {
      "locked": {
        "lastModified": 1776475594,
        "narHash": "sha256-mxLieVl5lqjd+QUvgHbvpVrvb9d8zox7m+MiRO6FHu8=",
        "owner": "NixOS",
        "repo": "nixpkgs",
        "rev": "9a3a5b8400951b3497d2ef8f239f8451175cf3a1",
        "type": "github"
      },
      "original": {
        "owner": "NixOS",
        "ref": "nixos-unstable-small",
        "repo": "nixpkgs",
        "type": "github"
      }
    },
    "nixpkgs_3": {
      "locked": {
        "lastModified": 1776169885,
        "narHash": "sha256-l/iNYDZ4bGOAFQY2q8y5OAfBBtrDAaPuRQqWaFHVRXM=",
        "owner": "nixos",
        "repo": "nixpkgs",
        "rev": "4bd9165a9165d7b5e33ae57f3eecbcb28fb231c9",
        "type": "github"
      },
      "original": {
        "owner": "nixos",
        "ref": "nixos-unstable",
        "repo": "nixpkgs",
        "type": "github"
      }
    },
    "nixpkgs_4": {
      "locked": {
        "lastModified": 1666539104,
        "narHash": "sha256-jeuC+d375wHHxMOFLgu7etseCQVJuPNKoEc9X9CsErg=",
        "owner": "nixos",
        "repo": "nixpkgs",
        "rev": "0e6df35f39651504249a05191f9a78d251707e22",
        "type": "github"
      },
      "original": {
        "owner": "nixos",
        "ref": "nixos-unstable",
        "repo": "nixpkgs",
        "type": "github"
      }
    },
    "nixpkgs_5": {
      "locked": {
        "lastModified": 1775710090,
        "narHash": "sha256-ar3rofg+awPB8QXDaFJhJ2jJhu+KqN/PRCXeyuXR76E=",
        "owner": "nixos",
        "repo": "nixpkgs",
        "rev": "4c1018dae018162ec878d42fec712642d214fdfa",
        "type": "github"
      },
      "original": {
        "owner": "nixos",
        "ref": "nixos-unstable",
        "repo": "nixpkgs",
        "type": "github"
      }
    },
    "noctalia": {
      "inputs": {
        "nixpkgs": [
          "nixpkgs"
        ],
        "noctalia-qs": "noctalia-qs"
      },
      "locked": {
        "lastModified": 1776587777,
        "narHash": "sha256-yHDAQwZ+xswyZWT1heZeu/Rvpwd8hIbT2CMOdlc/IbQ=",
        "owner": "noctalia-dev",
        "repo": "noctalia-shell",
        "rev": "4fa29ff386eda558d4e6a586290eb4600fa972ae",
        "type": "github"
      },
      "original": {
        "owner": "noctalia-dev",
        "repo": "noctalia-shell",
        "type": "github"
      }
    },
    "noctalia-qs": {
      "inputs": {
        "nixpkgs": [
          "noctalia",
          "nixpkgs"
        ],
        "systems": "systems_2",
        "treefmt-nix": "treefmt-nix"
      },
      "locked": {
        "lastModified": 1775957204,
        "narHash": "sha256-d4CVRtAty2GzDYXx4xYQmR+nlOjjKovyprQfZhgLckU=",
        "owner": "noctalia-dev",
        "repo": "noctalia-qs",
        "rev": "68e82fe34c68ee839a9c37e3466820e266af0c86",
        "type": "github"
      },
      "original": {
        "owner": "noctalia-dev",
        "repo": "noctalia-qs",
        "type": "github"
      }
    },
    "ny": {
      "flake": false,
      "locked": {
        "narHash": "sha256-3257NAH4qlan2YHVLpNRy7x8IJqR2pal3OzFo/ykqXs=",
        "type": "file",
        "url": "https://devimages-cdn.apple.com/design/resources/download/NY.dmg"
      },
      "original": {
        "type": "file",
        "url": "https://devimages-cdn.apple.com/design/resources/download/NY.dmg"
      }
    },
    "oceanix": {
      "inputs": {
        "nixpkgs": "nixpkgs_4",
        "utils": "utils"
      },
      "locked": {
        "lastModified": 1668158355,
        "narHash": "sha256-1Z9Ijdnbs/GgmZgX1jDFbtszgAJ42/TGy8dH6IgkEpM=",
        "owner": "LEXUGE",
        "repo": "oceanix",
        "rev": "6c75636d0361f777307cc94569e6491d5ed32d77",
        "type": "github"
      },
      "original": {
        "owner": "LEXUGE",
        "repo": "oceanix",
        "type": "github"
      }
    },
    "root": {
      "inputs": {
        "apple-fonts": "apple-fonts",
        "copetch": "copetch",
        "helium": "helium",
        "home-manager": "home-manager",
        "nix-cachyos-kernel": "nix-cachyos-kernel",
        "nixpkgs": "nixpkgs_3",
        "noctalia": "noctalia",
        "oceanix": "oceanix",
        "zen-browser": "zen-browser"
      }
    },
    "sf-arabic": {
      "flake": false,
      "locked": {
        "narHash": "sha256-/0gjRimqvZyE60xYxxPdlU+7Q2LJnnvtbmwOP0YmS9U=",
        "type": "file",
        "url": "https://devimages-cdn.apple.com/design/resources/download/SF-Arabic.dmg"
      },
      "original": {
        "type": "file",
        "url": "https://devimages-cdn.apple.com/design/resources/download/SF-Arabic.dmg"
      }
    },
    "sf-armenian": {
      "flake": false,
      "locked": {
        "narHash": "sha256-rRoDkbNMYkzOHZmQm96Zv80TZvRlAeoxkv4pMHP5nUg=",
        "type": "file",
        "url": "https://devimages-cdn.apple.com/design/resources/download/SF-Armenian.dmg"
      },
      "original": {
        "type": "file",
        "url": "https://devimages-cdn.apple.com/design/resources/download/SF-Armenian.dmg"
      }
    },
    "sf-compact": {
      "flake": false,
      "locked": {
        "narHash": "sha256-oLhkN4HYkU1Xjxk+xdmyxJmROSzo1qd/tafdxw7icxs=",
        "type": "file",
        "url": "https://devimages-cdn.apple.com/design/resources/download/SF-Compact.dmg"
      },
      "original": {
        "type": "file",
        "url": "https://devimages-cdn.apple.com/design/resources/download/SF-Compact.dmg"
      }
    },
    "sf-georgian": {
      "flake": false,
      "locked": {
        "narHash": "sha256-IevVNOC28IiR45YfI3PsZzXLMRxuB5u7UiE53Zn6tRU=",
        "type": "file",
        "url": "https://devimages-cdn.apple.com/design/resources/download/SF-Georgian.dmg"
      },
      "original": {
        "type": "file",
        "url": "https://devimages-cdn.apple.com/design/resources/download/SF-Georgian.dmg"
      }
    },
    "sf-hebrew": {
      "flake": false,
      "locked": {
        "narHash": "sha256-Dw84kYwMpCtKKKqm8cZcQ9TZ7GayU5MO7W0LJw0Rcwk=",
        "type": "file",
        "url": "https://devimages-cdn.apple.com/design/resources/download/SF-Hebrew.dmg"
      },
      "original": {
        "type": "file",
        "url": "https://devimages-cdn.apple.com/design/resources/download/SF-Hebrew.dmg"
      }
    },
    "sf-mono": {
      "flake": false,
      "locked": {
        "narHash": "sha256-ICdHRFdNL7PM/fXJUzS7LgZxZiqcyIuCMHLze4En4vg=",
        "type": "file",
        "url": "https://devimages-cdn.apple.com/design/resources/download/SF-Mono.dmg"
      },
      "original": {
        "type": "file",
        "url": "https://devimages-cdn.apple.com/design/resources/download/SF-Mono.dmg"
      }
    },
    "sf-pro": {
      "flake": false,
      "locked": {
        "narHash": "sha256-s42hsaUe0Vkaw5yw8G7G3W3AYJb2TPqSlMqPyY0e5WU=",
        "type": "file",
        "url": "https://devimages-cdn.apple.com/design/resources/download/SF-Pro.dmg"
      },
      "original": {
        "type": "file",
        "url": "https://devimages-cdn.apple.com/design/resources/download/SF-Pro.dmg"
      }
    },
    "systems": {
      "locked": {
        "lastModified": 1681028828,
        "narHash": "sha256-Vy1rq5AaRuLzOxct8nz4T6wlgyUR7zLU309k9mBC768=",
        "owner": "nix-systems",
        "repo": "default",
        "rev": "da67096a3b9bf56a91d16901293e51ba5b49a27e",
        "type": "github"
      },
      "original": {
        "owner": "nix-systems",
        "repo": "default",
        "type": "github"
      }
    },
    "systems_2": {
      "locked": {
        "lastModified": 1689347949,
        "narHash": "sha256-12tWmuL2zgBgZkdoB6qXZsgJEH9LR3oUgpaQq2RbI80=",
        "owner": "nix-systems",
        "repo": "default-linux",
        "rev": "31732fcf5e8fea42e59c2488ad31a0e651500f68",
        "type": "github"
      },
      "original": {
        "owner": "nix-systems",
        "repo": "default-linux",
        "type": "github"
      }
    },
    "treefmt-nix": {
      "inputs": {
        "nixpkgs": [
          "noctalia",
          "noctalia-qs",
          "nixpkgs"
        ]
      },
      "locked": {
        "lastModified": 1775636079,
        "narHash": "sha256-pc20NRoMdiar8oPQceQT47UUZMBTiMdUuWrYu2obUP0=",
        "owner": "numtide",
        "repo": "treefmt-nix",
        "rev": "790751ff7fd3801feeaf96d7dc416a8d581265ba",
        "type": "github"
      },
      "original": {
        "owner": "numtide",
        "repo": "treefmt-nix",
        "type": "github"
      }
    },
    "utils": {
      "locked": {
        "lastModified": 1659877975,
        "narHash": "sha256-zllb8aq3YO3h8B/U0/J1WBgAL8EX5yWf5pMj3G0NAmc=",
        "owner": "numtide",
        "repo": "flake-utils",
        "rev": "c0e246b9b83f637f4681389ecabcb2681b4f3af0",
        "type": "github"
      },
      "original": {
        "owner": "numtide",
        "repo": "flake-utils",
        "type": "github"
      }
    },
    "zen-browser": {
      "inputs": {
        "home-manager": "home-manager_2",
        "nixpkgs": "nixpkgs_5"
      },
      "locked": {
        "lastModified": 1776603844,
        "narHash": "sha256-MSfaGVed8Aw458q+3/RFgiGvZt0Qo6aIY/nIPw6yPCE=",
        "owner": "0xc000022070",
        "repo": "zen-browser-flake",
        "rev": "a083a4e135c3b7e5d4f01520b6fad25492d847ca",
        "type": "github"
      },
      "original": {
        "owner": "0xc000022070",
        "repo": "zen-browser-flake",
        "type": "github"
      }
    }
  },
  "root": "root",
  "version": 7
}
